{
  "name": "antigravity-superpowers",
  "version": "0.1.0",
  "lockfileVersion": 3,
  "requires": true,
  "packages": {
    "": {
      "name": "antigravity-superpowers",
      "version": "0.1.0",
      "license": "MIT",
      "bin": {
        "antigravity-superpowers": "bin/antigravity-superpowers.js"
      },
      "engines": {
        "node": ">=20.0.0"
      }
    }
  }
}
