{
  "name": "antigravity-superpowers-lgpd",
  "version": "0.1.0",
  "lockfileVersion": 3,
  "requires": true,
  "packages": {
    "": {
      "name": "antigravity-superpowers-lgpd",
      "version": "0.1.0",
      "license": "MIT",
      "bin": {
        "antigravity-lgpd": "bin/antigravity-lgpd.js"
      },
      "engines": {
        "node": ">=20.0.0"
      }
    }
  }
}
